
Microsoft Visual Studio Solution File, Format Version 12.00
# Visual Studio 2012
Project("{FAE04EC0-301F-11D3-BF4B-00C04F79EFBC}") = "Projet", "Projet\Projet.csproj", "{7CFA1535-555A-4D4C-9FFF-6786D8BAA9AA}"
EndProject
Global
	GlobalSection(SolutionConfigurationPlatforms) = preSolution
		Debug|Any CPU = Debug|Any CPU
		Release|Any CPU = Release|Any CPU
	EndGlobalSection
	GlobalSection(ProjectConfigurationPlatforms) = postSolution
		{7CFA1535-555A-4D4C-9FFF-6786D8BAA9AA}.Debug|Any CPU.ActiveCfg = Debug|Any CPU
		{7CFA1535-555A-4D4C-9FFF-6786D8BAA9AA}.Debug|Any CPU.Build.0 = Debug|Any CPU
		{7CFA1535-555A-4D4C-9FFF-6786D8BAA9AA}.Release|Any CPU.ActiveCfg = Release|Any CPU
		{7CFA1535-555A-4D4C-9FFF-6786D8BAA9AA}.Release|Any CPU.Build.0 = Release|Any CPU
	EndGlobalSection
	GlobalSection(SolutionProperties) = preSolution
		HideSolutionNode = FALSE
	EndGlobalSection
EndGlobal
